
Microsoft Visual Studio Solution File, Format Version 12.00
# Visual Studio Version 16
VisualStudioVersion = 16.0.29709.97
MinimumVisualStudioVersion = 10.0.40219.1
Project("{9A19103F-16F7-4668-BE54-9A1E7A4F7556}") = "Neolution.DotNet.Console", "Neolution.DotNet.Console\Neolution.DotNet.Console.csproj", "{0206E537-E125-4E03-BAE8-E009211412DF}"
EndProject
Project("{2150E333-8FDC-42A3-9474-1A3956D46DE8}") = "Solution Items", "Solution Items", "{44F9D550-5915-455A-90CB-78ED4ECFFA5F}"
	ProjectSection(SolutionItems) = preProject
		.editorconfig = .editorconfig
		.gitignore = .gitignore
		azure-pipelines.yml = azure-pipelines.yml
		GitVersion.yml = GitVersion.yml
		README.md = README.md
	EndProjectSection
EndProject
Project("{9A19103F-16F7-4668-BE54-9A1E7A4F7556}") = "Neolution.DotNet.Console.Sample", "Neolution.DotNet.Console.Sample\Neolution.DotNet.Console.Sample.csproj", "{ECD40745-0811-4685-A93E-DD2096AE6AE1}"
EndProject
Project("{9A19103F-16F7-4668-BE54-9A1E7A4F7556}") = "Neolution.DotNet.Console.UnitTests", "Neolution.DotNet.Console.UnitTests\Neolution.DotNet.Console.UnitTests.csproj", "{09C5A31D-8D63-4BA3-8895-D3F713E195E9}"
EndProject
Global
	GlobalSection(SolutionConfigurationPlatforms) = preSolution
		Debug|Any CPU = Debug|Any CPU
		Release|Any CPU = Release|Any CPU
	EndGlobalSection
	GlobalSection(ProjectConfigurationPlatforms) = postSolution
		{0206E537-E125-4E03-BAE8-E009211412DF}.Debug|Any CPU.ActiveCfg = Debug|Any CPU
		{0206E537-E125-4E03-BAE8-E009211412DF}.Debug|Any CPU.Build.0 = Debug|Any CPU
		{0206E537-E125-4E03-BAE8-E009211412DF}.Release|Any CPU.ActiveCfg = Release|Any CPU
		{0206E537-E125-4E03-BAE8-E009211412DF}.Release|Any CPU.Build.0 = Release|Any CPU
		{ECD40745-0811-4685-A93E-DD2096AE6AE1}.Debug|Any CPU.ActiveCfg = Debug|Any CPU
		{ECD40745-0811-4685-A93E-DD2096AE6AE1}.Debug|Any CPU.Build.0 = Debug|Any CPU
		{ECD40745-0811-4685-A93E-DD2096AE6AE1}.Release|Any CPU.ActiveCfg = Release|Any CPU
		{ECD40745-0811-4685-A93E-DD2096AE6AE1}.Release|Any CPU.Build.0 = Release|Any CPU
		{09C5A31D-8D63-4BA3-8895-D3F713E195E9}.Debug|Any CPU.ActiveCfg = Debug|Any CPU
		{09C5A31D-8D63-4BA3-8895-D3F713E195E9}.Debug|Any CPU.Build.0 = Debug|Any CPU
		{09C5A31D-8D63-4BA3-8895-D3F713E195E9}.Release|Any CPU.ActiveCfg = Release|Any CPU
		{09C5A31D-8D63-4BA3-8895-D3F713E195E9}.Release|Any CPU.Build.0 = Release|Any CPU
	EndGlobalSection
	GlobalSection(SolutionProperties) = preSolution
		HideSolutionNode = FALSE
	EndGlobalSection
	GlobalSection(ExtensibilityGlobals) = postSolution
		SolutionGuid = {8A2DCF6C-54BC-4281-BF48-3B46786F16FD}
	EndGlobalSection
EndGlobal
